
Microsoft Visual Studio Solution File, Format Version 12.00
# Visual Studio Version 16
VisualStudioVersion = 16.0.31605.320
MinimumVisualStudioVersion = 10.0.40219.1
Project("{FAE04EC0-301F-11D3-BF4B-00C04F79EFBC}") = "Sudoku_WPF", "Sudoku_WPF\Sudoku_WPF.csproj", "{BC1E183E-EA9B-4E4E-B117-C8E3E67EE077}"
EndProject
Global
	GlobalSection(SolutionConfigurationPlatforms) = preSolution
		Debug|Any CPU = Debug|Any CPU
		Release|Any CPU = Release|Any CPU
	EndGlobalSection
	GlobalSection(ProjectConfigurationPlatforms) = postSolution
		{BC1E183E-EA9B-4E4E-B117-C8E3E67EE077}.Debug|Any CPU.ActiveCfg = Debug|Any CPU
		{BC1E183E-EA9B-4E4E-B117-C8E3E67EE077}.Debug|Any CPU.Build.0 = Debug|Any CPU
		{BC1E183E-EA9B-4E4E-B117-C8E3E67EE077}.Release|Any CPU.ActiveCfg = Release|Any CPU
		{BC1E183E-EA9B-4E4E-B117-C8E3E67EE077}.Release|Any CPU.Build.0 = Release|Any CPU
	EndGlobalSection
	GlobalSection(SolutionProperties) = preSolution
		HideSolutionNode = FALSE
	EndGlobalSection
	GlobalSection(ExtensibilityGlobals) = postSolution
		SolutionGuid = {306C110E-7E8A-4068-9EC1-5DB8B160FE5E}
	EndGlobalSection
EndGlobal
